
Microsoft Visual Studio Solution File, Format Version 12.00
# Visual Studio Version 16
VisualStudioVersion = 16.0.29728.190
MinimumVisualStudioVersion = 10.0.40219.1
Project("{2150E333-8FDC-42A3-9474-1A3956D46DE8}") = "Example Graphs", "Example Graphs", "{D68F037F-7248-4A42-B63D-341D94EBF7EA}"
	ProjectSection(SolutionItems) = preProject
		..\examples\breakdown.json = ..\examples\breakdown.json
		..\examples\carwash.json = ..\examples\carwash.json
	EndProjectSection
EndProject
Project("{2150E333-8FDC-42A3-9474-1A3956D46DE8}") = "NativeExamples", "NativeExamples", "{7A230B6C-BC82-4778-BAEF-ABF790363088}"
EndProject
Project("{9A19103F-16F7-4668-BE54-9A1E7A4F7556}") = "TEGS.CLI", "TEGS.CLI\TEGS.CLI.csproj", "{5897F2C0-9F57-4E15-9EEA-6D0444A1965F}"
EndProject
Project("{9A19103F-16F7-4668-BE54-9A1E7A4F7556}") = "TEGS.Test", "TEGS.Test\TEGS.Test.csproj", "{0C3B897B-DD3E-437E-94E9-ADF113FDA360}"
EndProject
Project("{9A19103F-16F7-4668-BE54-9A1E7A4F7556}") = "Carwash", "NativeExamples\Carwash\Carwash.csproj", "{19AD9C90-B96F-49F2-A782-F8B79F986A9A}"
EndProject
Project("{2150E333-8FDC-42A3-9474-1A3956D46DE8}") = "Solution Items", "Solution Items", "{52190DA6-2673-494F-AB91-D1A954774B51}"
	ProjectSection(SolutionItems) = preProject
		.editorconfig = .editorconfig
		Directory.Build.props = Directory.Build.props
		..\LICENSE.md = ..\LICENSE.md
		..\README.md = ..\README.md
	EndProjectSection
EndProject
Project("{9A19103F-16F7-4668-BE54-9A1E7A4F7556}") = "Breakdown", "NativeExamples\Breakdown\Breakdown.csproj", "{CF3E35C0-346B-43F1-8C88-97724D2AE5C0}"
EndProject
Project("{9A19103F-16F7-4668-BE54-9A1E7A4F7556}") = "TEGS.UI", "TEGS.UI\TEGS.UI.csproj", "{19946854-D4FF-44DC-AB7A-A8AD019DE9CD}"
EndProject
Project("{9A19103F-16F7-4668-BE54-9A1E7A4F7556}") = "TEGS", "TEGS\TEGS.csproj", "{EBEDF0A3-A87E-47F6-9CAF-8CCCD27D38F2}"
EndProject
Global
	GlobalSection(SolutionConfigurationPlatforms) = preSolution
		Debug|Any CPU = Debug|Any CPU
		Release|Any CPU = Release|Any CPU
	EndGlobalSection
	GlobalSection(ProjectConfigurationPlatforms) = postSolution
		{5897F2C0-9F57-4E15-9EEA-6D0444A1965F}.Debug|Any CPU.ActiveCfg = Debug|Any CPU
		{5897F2C0-9F57-4E15-9EEA-6D0444A1965F}.Debug|Any CPU.Build.0 = Debug|Any CPU
		{5897F2C0-9F57-4E15-9EEA-6D0444A1965F}.Release|Any CPU.ActiveCfg = Release|Any CPU
		{5897F2C0-9F57-4E15-9EEA-6D0444A1965F}.Release|Any CPU.Build.0 = Release|Any CPU
		{0C3B897B-DD3E-437E-94E9-ADF113FDA360}.Debug|Any CPU.ActiveCfg = Debug|Any CPU
		{0C3B897B-DD3E-437E-94E9-ADF113FDA360}.Debug|Any CPU.Build.0 = Debug|Any CPU
		{0C3B897B-DD3E-437E-94E9-ADF113FDA360}.Release|Any CPU.ActiveCfg = Release|Any CPU
		{0C3B897B-DD3E-437E-94E9-ADF113FDA360}.Release|Any CPU.Build.0 = Release|Any CPU
		{19AD9C90-B96F-49F2-A782-F8B79F986A9A}.Debug|Any CPU.ActiveCfg = Debug|Any CPU
		{19AD9C90-B96F-49F2-A782-F8B79F986A9A}.Debug|Any CPU.Build.0 = Debug|Any CPU
		{19AD9C90-B96F-49F2-A782-F8B79F986A9A}.Release|Any CPU.ActiveCfg = Release|Any CPU
		{19AD9C90-B96F-49F2-A782-F8B79F986A9A}.Release|Any CPU.Build.0 = Release|Any CPU
		{CF3E35C0-346B-43F1-8C88-97724D2AE5C0}.Debug|Any CPU.ActiveCfg = Debug|Any CPU
		{CF3E35C0-346B-43F1-8C88-97724D2AE5C0}.Debug|Any CPU.Build.0 = Debug|Any CPU
		{CF3E35C0-346B-43F1-8C88-97724D2AE5C0}.Release|Any CPU.ActiveCfg = Release|Any CPU
		{CF3E35C0-346B-43F1-8C88-97724D2AE5C0}.Release|Any CPU.Build.0 = Release|Any CPU
		{19946854-D4FF-44DC-AB7A-A8AD019DE9CD}.Debug|Any CPU.ActiveCfg = Debug|Any CPU
		{19946854-D4FF-44DC-AB7A-A8AD019DE9CD}.Debug|Any CPU.Build.0 = Debug|Any CPU
		{19946854-D4FF-44DC-AB7A-A8AD019DE9CD}.Release|Any CPU.ActiveCfg = Release|Any CPU
		{19946854-D4FF-44DC-AB7A-A8AD019DE9CD}.Release|Any CPU.Build.0 = Release|Any CPU
		{EBEDF0A3-A87E-47F6-9CAF-8CCCD27D38F2}.Debug|Any CPU.ActiveCfg = Debug|Any CPU
		{EBEDF0A3-A87E-47F6-9CAF-8CCCD27D38F2}.Debug|Any CPU.Build.0 = Debug|Any CPU
		{EBEDF0A3-A87E-47F6-9CAF-8CCCD27D38F2}.Release|Any CPU.ActiveCfg = Release|Any CPU
		{EBEDF0A3-A87E-47F6-9CAF-8CCCD27D38F2}.Release|Any CPU.Build.0 = Release|Any CPU
	EndGlobalSection
	GlobalSection(SolutionProperties) = preSolution
		HideSolutionNode = FALSE
	EndGlobalSection
	GlobalSection(NestedProjects) = preSolution
		{19AD9C90-B96F-49F2-A782-F8B79F986A9A} = {7A230B6C-BC82-4778-BAEF-ABF790363088}
		{CF3E35C0-346B-43F1-8C88-97724D2AE5C0} = {7A230B6C-BC82-4778-BAEF-ABF790363088}
	EndGlobalSection
	GlobalSection(ExtensibilityGlobals) = postSolution
		SolutionGuid = {1A0536E0-FBEC-4DD8-BF2D-5A92D930FC34}
	EndGlobalSection
EndGlobal
